
Microsoft Visual Studio Solution File, Format Version 12.00
# Visual Studio Version 16
VisualStudioVersion = 25.0.1706.1
MinimumVisualStudioVersion = 10.0.40219.1
Project("{FAE04EC0-301F-11D3-BF4B-00C04F79EFBC}") = "Bank.Web", "Bank.Web\Bank.Web.csproj", "{EE814BDF-B7A0-4289-B8FE-13991DF2709D}"
EndProject
Project("{FAE04EC0-301F-11D3-BF4B-00C04F79EFBC}") = "Bank.Db", "Bank.Db\Bank.Db.csproj", "{69768296-3C05-4789-91CF-90F6A1C11A8D}"
EndProject
Project("{FAE04EC0-301F-11D3-BF4B-00C04F79EFBC}") = "DbTests", "DbTests\DbTests.csproj", "{F45D7109-92BC-4FFE-81F1-798DE4F97333}"
EndProject
Global
	GlobalSection(SolutionConfigurationPlatforms) = preSolution
		Debug|Any CPU = Debug|Any CPU
		Release|Any CPU = Release|Any CPU
	EndGlobalSection
	GlobalSection(ProjectConfigurationPlatforms) = postSolution
		{EE814BDF-B7A0-4289-B8FE-13991DF2709D}.Debug|Any CPU.ActiveCfg = Debug|Any CPU
		{EE814BDF-B7A0-4289-B8FE-13991DF2709D}.Debug|Any CPU.Build.0 = Debug|Any CPU
		{EE814BDF-B7A0-4289-B8FE-13991DF2709D}.Release|Any CPU.ActiveCfg = Release|Any CPU
		{EE814BDF-B7A0-4289-B8FE-13991DF2709D}.Release|Any CPU.Build.0 = Release|Any CPU
		{69768296-3C05-4789-91CF-90F6A1C11A8D}.Debug|Any CPU.ActiveCfg = Debug|Any CPU
		{69768296-3C05-4789-91CF-90F6A1C11A8D}.Debug|Any CPU.Build.0 = Debug|Any CPU
		{69768296-3C05-4789-91CF-90F6A1C11A8D}.Release|Any CPU.ActiveCfg = Release|Any CPU
		{69768296-3C05-4789-91CF-90F6A1C11A8D}.Release|Any CPU.Build.0 = Release|Any CPU
		{F45D7109-92BC-4FFE-81F1-798DE4F97333}.Debug|Any CPU.ActiveCfg = Debug|Any CPU
		{F45D7109-92BC-4FFE-81F1-798DE4F97333}.Debug|Any CPU.Build.0 = Debug|Any CPU
		{F45D7109-92BC-4FFE-81F1-798DE4F97333}.Release|Any CPU.ActiveCfg = Release|Any CPU
		{F45D7109-92BC-4FFE-81F1-798DE4F97333}.Release|Any CPU.Build.0 = Release|Any CPU
	EndGlobalSection
	GlobalSection(SolutionProperties) = preSolution
		HideSolutionNode = FALSE
	EndGlobalSection
	GlobalSection(ExtensibilityGlobals) = postSolution
		SolutionGuid = {839EC787-8EB4-438A-9864-073FA13CD3CB}
	EndGlobalSection
EndGlobal
